
Microsoft Visual Studio Solution File, Format Version 12.00
# Visual Studio Version 17
VisualStudioVersion = 17.2.32630.192
MinimumVisualStudioVersion = 10.0.40219.1
Project("{FAE04EC0-301F-11D3-BF4B-00C04F79EFBC}") = "Brics.WinFormsApp", "Brics.WinFormsApp\Brics.WinFormsApp.csproj", "{8BDEF91A-7408-45C4-8A26-1CE81136D379}"
EndProject
Global
	GlobalSection(SolutionConfigurationPlatforms) = preSolution
		Debug|Any CPU = Debug|Any CPU
		Release|Any CPU = Release|Any CPU
	EndGlobalSection
	GlobalSection(ProjectConfigurationPlatforms) = postSolution
		{8BDEF91A-7408-45C4-8A26-1CE81136D379}.Debug|Any CPU.ActiveCfg = Debug|Any CPU
		{8BDEF91A-7408-45C4-8A26-1CE81136D379}.Debug|Any CPU.Build.0 = Debug|Any CPU
		{8BDEF91A-7408-45C4-8A26-1CE81136D379}.Release|Any CPU.ActiveCfg = Release|Any CPU
		{8BDEF91A-7408-45C4-8A26-1CE81136D379}.Release|Any CPU.Build.0 = Release|Any CPU
	EndGlobalSection
	GlobalSection(SolutionProperties) = preSolution
		HideSolutionNode = FALSE
	EndGlobalSection
	GlobalSection(ExtensibilityGlobals) = postSolution
		SolutionGuid = {BD6A5993-0B47-49BB-9FB8-8864C233EA40}
	EndGlobalSection
EndGlobal
